
Microsoft Visual Studio Solution File, Format Version 12.00
# Visual Studio 15
VisualStudioVersion = 15.0.26124.0
MinimumVisualStudioVersion = 15.0.26124.0
Project("{FAE04EC0-301F-11D3-BF4B-00C04F79EFBC}") = "ECommerce.API", "src\ECommerce.API\ECommerce.API.csproj", "{B6BA878F-8C74-4EC6-8279-9BA478C11D6B}"
EndProject
Project("{2150E333-8FDC-42A3-9474-1A3956D46DE8}") = "src", "src", "{6ED356A7-8B47-4613-AD01-C85CF28491BD}"
EndProject
Project("{2150E333-8FDC-42A3-9474-1A3956D46DE8}") = "tests", "tests", "{664D406C-2F83-48F0-BFC3-408D5CB53C65}"
EndProject
Project("{FAE04EC0-301F-11D3-BF4B-00C04F79EFBC}") = "ECommerce.Domain", "src\ECommerce.Domain\ECommerce.Domain.csproj", "{4F636F6F-CE04-4168-8D87-C7CEDFDBF5B6}"
EndProject
Project("{FAE04EC0-301F-11D3-BF4B-00C04F79EFBC}") = "ECommerce.Application", "src\ECommerce.Application\ECommerce.Application.csproj", "{0FB8EFD4-141A-4CD0-9986-7A19AF510EF6}"
EndProject
Project("{FAE04EC0-301F-11D3-BF4B-00C04F79EFBC}") = "ECommerce.Infrastructure", "src\ECommerce.Infrastructure\ECommerce.Infrastructure.csproj", "{2770F2C3-0A67-40CC-969D-DA8454F1842B}"
EndProject
Project("{FAE04EC0-301F-11D3-BF4B-00C04F79EFBC}") = "ECommerce.UnitTests", "tests\ECommerce.UnitTests\ECommerce.UnitTests.csproj", "{FB6DA293-D221-4656-B3B4-3E51E4F504F6}"
EndProject
Project("{FAE04EC0-301F-11D3-BF4B-00C04F79EFBC}") = "ECommerce.IntegrationTests", "tests\ECommerce.IntegrationTests\ECommerce.IntegrationTests.csproj", "{E3E95231-C9A1-401F-8963-A444BFF01D96}"
EndProject
Project("{FAE04EC0-301F-11D3-BF4B-00C04F79EFBC}") = "ECommerce.FunctionalTests", "tests\ECommerce.FunctionalTests\ECommerce.FunctionalTests.csproj", "{E0EE2812-7667-4817-9DD8-E20C105DB277}"
EndProject
Global
	GlobalSection(SolutionConfigurationPlatforms) = preSolution
		Debug|Any CPU = Debug|Any CPU
		Debug|x64 = Debug|x64
		Debug|x86 = Debug|x86
		Release|Any CPU = Release|Any CPU
		Release|x64 = Release|x64
		Release|x86 = Release|x86
	EndGlobalSection
	GlobalSection(SolutionProperties) = preSolution
		HideSolutionNode = FALSE
	EndGlobalSection
	GlobalSection(ProjectConfigurationPlatforms) = postSolution
		{B6BA878F-8C74-4EC6-8279-9BA478C11D6B}.Debug|Any CPU.ActiveCfg = Debug|Any CPU
		{B6BA878F-8C74-4EC6-8279-9BA478C11D6B}.Debug|Any CPU.Build.0 = Debug|Any CPU
		{B6BA878F-8C74-4EC6-8279-9BA478C11D6B}.Debug|x64.ActiveCfg = Debug|Any CPU
		{B6BA878F-8C74-4EC6-8279-9BA478C11D6B}.Debug|x64.Build.0 = Debug|Any CPU
		{B6BA878F-8C74-4EC6-8279-9BA478C11D6B}.Debug|x86.ActiveCfg = Debug|Any CPU
		{B6BA878F-8C74-4EC6-8279-9BA478C11D6B}.Debug|x86.Build.0 = Debug|Any CPU
		{B6BA878F-8C74-4EC6-8279-9BA478C11D6B}.Release|Any CPU.ActiveCfg = Release|Any CPU
		{B6BA878F-8C74-4EC6-8279-9BA478C11D6B}.Release|Any CPU.Build.0 = Release|Any CPU
		{B6BA878F-8C74-4EC6-8279-9BA478C11D6B}.Release|x64.ActiveCfg = Release|Any CPU
		{B6BA878F-8C74-4EC6-8279-9BA478C11D6B}.Release|x64.Build.0 = Release|Any CPU
		{B6BA878F-8C74-4EC6-8279-9BA478C11D6B}.Release|x86.ActiveCfg = Release|Any CPU
		{B6BA878F-8C74-4EC6-8279-9BA478C11D6B}.Release|x86.Build.0 = Release|Any CPU
		{4F636F6F-CE04-4168-8D87-C7CEDFDBF5B6}.Debug|Any CPU.ActiveCfg = Debug|Any CPU
		{4F636F6F-CE04-4168-8D87-C7CEDFDBF5B6}.Debug|Any CPU.Build.0 = Debug|Any CPU
		{4F636F6F-CE04-4168-8D87-C7CEDFDBF5B6}.Debug|x64.ActiveCfg = Debug|Any CPU
		{4F636F6F-CE04-4168-8D87-C7CEDFDBF5B6}.Debug|x64.Build.0 = Debug|Any CPU
		{4F636F6F-CE04-4168-8D87-C7CEDFDBF5B6}.Debug|x86.ActiveCfg = Debug|Any CPU
		{4F636F6F-CE04-4168-8D87-C7CEDFDBF5B6}.Debug|x86.Build.0 = Debug|Any CPU
		{4F636F6F-CE04-4168-8D87-C7CEDFDBF5B6}.Release|Any CPU.ActiveCfg = Release|Any CPU
		{4F636F6F-CE04-4168-8D87-C7CEDFDBF5B6}.Release|Any CPU.Build.0 = Release|Any CPU
		{4F636F6F-CE04-4168-8D87-C7CEDFDBF5B6}.Release|x64.ActiveCfg = Release|Any CPU
		{4F636F6F-CE04-4168-8D87-C7CEDFDBF5B6}.Release|x64.Build.0 = Release|Any CPU
		{4F636F6F-CE04-4168-8D87-C7CEDFDBF5B6}.Release|x86.ActiveCfg = Release|Any CPU
		{4F636F6F-CE04-4168-8D87-C7CEDFDBF5B6}.Release|x86.Build.0 = Release|Any CPU
		{0FB8EFD4-141A-4CD0-9986-7A19AF510EF6}.Debug|Any CPU.ActiveCfg = Debug|Any CPU
		{0FB8EFD4-141A-4CD0-9986-7A19AF510EF6}.Debug|Any CPU.Build.0 = Debug|Any CPU
		{0FB8EFD4-141A-4CD0-9986-7A19AF510EF6}.Debug|x64.ActiveCfg = Debug|Any CPU
		{0FB8EFD4-141A-4CD0-9986-7A19AF510EF6}.Debug|x64.Build.0 = Debug|Any CPU
		{0FB8EFD4-141A-4CD0-9986-7A19AF510EF6}.Debug|x86.ActiveCfg = Debug|Any CPU
		{0FB8EFD4-141A-4CD0-9986-7A19AF510EF6}.Debug|x86.Build.0 = Debug|Any CPU
		{0FB8EFD4-141A-4CD0-9986-7A19AF510EF6}.Release|Any CPU.ActiveCfg = Release|Any CPU
		{0FB8EFD4-141A-4CD0-9986-7A19AF510EF6}.Release|Any CPU.Build.0 = Release|Any CPU
		{0FB8EFD4-141A-4CD0-9986-7A19AF510EF6}.Release|x64.ActiveCfg = Release|Any CPU
		{0FB8EFD4-141A-4CD0-9986-7A19AF510EF6}.Release|x64.Build.0 = Release|Any CPU
		{0FB8EFD4-141A-4CD0-9986-7A19AF510EF6}.Release|x86.ActiveCfg = Release|Any CPU
		{0FB8EFD4-141A-4CD0-9986-7A19AF510EF6}.Release|x86.Build.0 = Release|Any CPU
		{2770F2C3-0A67-40CC-969D-DA8454F1842B}.Debug|Any CPU.ActiveCfg = Debug|Any CPU
		{2770F2C3-0A67-40CC-969D-DA8454F1842B}.Debug|Any CPU.Build.0 = Debug|Any CPU
		{2770F2C3-0A67-40CC-969D-DA8454F1842B}.Debug|x64.ActiveCfg = Debug|Any CPU
		{2770F2C3-0A67-40CC-969D-DA8454F1842B}.Debug|x64.Build.0 = Debug|Any CPU
		{2770F2C3-0A67-40CC-969D-DA8454F1842B}.Debug|x86.ActiveCfg = Debug|Any CPU
		{2770F2C3-0A67-40CC-969D-DA8454F1842B}.Debug|x86.Build.0 = Debug|Any CPU
		{2770F2C3-0A67-40CC-969D-DA8454F1842B}.Release|Any CPU.ActiveCfg = Release|Any CPU
		{2770F2C3-0A67-40CC-969D-DA8454F1842B}.Release|Any CPU.Build.0 = Release|Any CPU
		{2770F2C3-0A67-40CC-969D-DA8454F1842B}.Release|x64.ActiveCfg = Release|Any CPU
		{2770F2C3-0A67-40CC-969D-DA8454F1842B}.Release|x64.Build.0 = Release|Any CPU
		{2770F2C3-0A67-40CC-969D-DA8454F1842B}.Release|x86.ActiveCfg = Release|Any CPU
		{2770F2C3-0A67-40CC-969D-DA8454F1842B}.Release|x86.Build.0 = Release|Any CPU
		{FB6DA293-D221-4656-B3B4-3E51E4F504F6}.Debug|Any CPU.ActiveCfg = Debug|Any CPU
		{FB6DA293-D221-4656-B3B4-3E51E4F504F6}.Debug|Any CPU.Build.0 = Debug|Any CPU
		{FB6DA293-D221-4656-B3B4-3E51E4F504F6}.Debug|x64.ActiveCfg = Debug|Any CPU
		{FB6DA293-D221-4656-B3B4-3E51E4F504F6}.Debug|x64.Build.0 = Debug|Any CPU
		{FB6DA293-D221-4656-B3B4-3E51E4F504F6}.Debug|x86.ActiveCfg = Debug|Any CPU
		{FB6DA293-D221-4656-B3B4-3E51E4F504F6}.Debug|x86.Build.0 = Debug|Any CPU
		{FB6DA293-D221-4656-B3B4-3E51E4F504F6}.Release|Any CPU.ActiveCfg = Release|Any CPU
		{FB6DA293-D221-4656-B3B4-3E51E4F504F6}.Release|Any CPU.Build.0 = Release|Any CPU
		{FB6DA293-D221-4656-B3B4-3E51E4F504F6}.Release|x64.ActiveCfg = Release|Any CPU
		{FB6DA293-D221-4656-B3B4-3E51E4F504F6}.Release|x64.Build.0 = Release|Any CPU
		{FB6DA293-D221-4656-B3B4-3E51E4F504F6}.Release|x86.ActiveCfg = Release|Any CPU
		{FB6DA293-D221-4656-B3B4-3E51E4F504F6}.Release|x86.Build.0 = Release|Any CPU
		{E3E95231-C9A1-401F-8963-A444BFF01D96}.Debug|Any CPU.ActiveCfg = Debug|Any CPU
		{E3E95231-C9A1-401F-8963-A444BFF01D96}.Debug|Any CPU.Build.0 = Debug|Any CPU
		{E3E95231-C9A1-401F-8963-A444BFF01D96}.Debug|x64.ActiveCfg = Debug|Any CPU
		{E3E95231-C9A1-401F-8963-A444BFF01D96}.Debug|x64.Build.0 = Debug|Any CPU
		{E3E95231-C9A1-401F-8963-A444BFF01D96}.Debug|x86.ActiveCfg = Debug|Any CPU
		{E3E95231-C9A1-401F-8963-A444BFF01D96}.Debug|x86.Build.0 = Debug|Any CPU
		{E3E95231-C9A1-401F-8963-A444BFF01D96}.Release|Any CPU.ActiveCfg = Release|Any CPU
		{E3E95231-C9A1-401F-8963-A444BFF01D96}.Release|Any CPU.Build.0 = Release|Any CPU
		{E3E95231-C9A1-401F-8963-A444BFF01D96}.Release|x64.ActiveCfg = Release|Any CPU
		{E3E95231-C9A1-401F-8963-A444BFF01D96}.Release|x64.Build.0 = Release|Any CPU
		{E3E95231-C9A1-401F-8963-A444BFF01D96}.Release|x86.ActiveCfg = Release|Any CPU
		{E3E95231-C9A1-401F-8963-A444BFF01D96}.Release|x86.Build.0 = Release|Any CPU
		{E0EE2812-7667-4817-9DD8-E20C105DB277}.Debug|Any CPU.ActiveCfg = Debug|Any CPU
		{E0EE2812-7667-4817-9DD8-E20C105DB277}.Debug|Any CPU.Build.0 = Debug|Any CPU
		{E0EE2812-7667-4817-9DD8-E20C105DB277}.Debug|x64.ActiveCfg = Debug|Any CPU
		{E0EE2812-7667-4817-9DD8-E20C105DB277}.Debug|x64.Build.0 = Debug|Any CPU
		{E0EE2812-7667-4817-9DD8-E20C105DB277}.Debug|x86.ActiveCfg = Debug|Any CPU
		{E0EE2812-7667-4817-9DD8-E20C105DB277}.Debug|x86.Build.0 = Debug|Any CPU
		{E0EE2812-7667-4817-9DD8-E20C105DB277}.Release|Any CPU.ActiveCfg = Release|Any CPU
		{E0EE2812-7667-4817-9DD8-E20C105DB277}.Release|Any CPU.Build.0 = Release|Any CPU
		{E0EE2812-7667-4817-9DD8-E20C105DB277}.Release|x64.ActiveCfg = Release|Any CPU
		{E0EE2812-7667-4817-9DD8-E20C105DB277}.Release|x64.Build.0 = Release|Any CPU
		{E0EE2812-7667-4817-9DD8-E20C105DB277}.Release|x86.ActiveCfg = Release|Any CPU
		{E0EE2812-7667-4817-9DD8-E20C105DB277}.Release|x86.Build.0 = Release|Any CPU
	EndGlobalSection
	GlobalSection(NestedProjects) = preSolution
		{B6BA878F-8C74-4EC6-8279-9BA478C11D6B} = {6ED356A7-8B47-4613-AD01-C85CF28491BD}
		{4F636F6F-CE04-4168-8D87-C7CEDFDBF5B6} = {6ED356A7-8B47-4613-AD01-C85CF28491BD}
		{0FB8EFD4-141A-4CD0-9986-7A19AF510EF6} = {6ED356A7-8B47-4613-AD01-C85CF28491BD}
		{2770F2C3-0A67-40CC-969D-DA8454F1842B} = {6ED356A7-8B47-4613-AD01-C85CF28491BD}
		{FB6DA293-D221-4656-B3B4-3E51E4F504F6} = {664D406C-2F83-48F0-BFC3-408D5CB53C65}
		{E3E95231-C9A1-401F-8963-A444BFF01D96} = {664D406C-2F83-48F0-BFC3-408D5CB53C65}
		{E0EE2812-7667-4817-9DD8-E20C105DB277} = {664D406C-2F83-48F0-BFC3-408D5CB53C65}
	EndGlobalSection
EndGlobal
